// !$*UTF8*$!
{
	archiveVersion = 1;
	classes = {
	};
	objectVersion = 56;
	objects = {

/* Begin PBXBuildFile section */
		BA00702E2A27104C004A5772 /* Tutor.swift in Sources */ = {isa = PBXBuildFile; fileRef = BA00702D2A27104C004A5772 /* Tutor.swift */; };
		BA0070302A271053004A5772 /* Pictograma.swift in Sources */ = {isa = PBXBuildFile; fileRef = BA00702F2A271053004A5772 /* Pictograma.swift */; };
		BA0070322A271059004A5772 /* Alumno.swift in Sources */ = {isa = PBXBuildFile; fileRef = BA0070312A271059004A5772 /* Alumno.swift */; };
		BA0070342A271217004A5772 /* PerfilesView.swift in Sources */ = {isa = PBXBuildFile; fileRef = BA0070332A271216004A5772 /* PerfilesView.swift */; };
		BA160FBB2A09ABA5002751F6 /* FirebaseAuth in Frameworks */ = {isa = PBXBuildFile; productRef = BA160FBA2A09ABA5002751F6 /* FirebaseAuth */; };
		BA160FBD2A09ABA5002751F6 /* FirebaseDatabase in Frameworks */ = {isa = PBXBuildFile; productRef = BA160FBC2A09ABA5002751F6 /* FirebaseDatabase */; };
		BA160FBF2A09ABA5002751F6 /* FirebaseDatabaseSwift in Frameworks */ = {isa = PBXBuildFile; productRef = BA160FBE2A09ABA5002751F6 /* FirebaseDatabaseSwift */; };
		BA160FC12A09ABA5002751F6 /* FirebaseFirestore in Frameworks */ = {isa = PBXBuildFile; productRef = BA160FC02A09ABA5002751F6 /* FirebaseFirestore */; };
		BA160FC52A09AD5A002751F6 /* SignUpView.swift in Sources */ = {isa = PBXBuildFile; fileRef = BA160FC42A09AD5A002751F6 /* SignUpView.swift */; };
		FB24B5282A27FE6900DA871A /* GoogleService-Info.plist in Resources */ = {isa = PBXBuildFile; fileRef = FB24B5272A27FE6900DA871A /* GoogleService-Info.plist */; };
		FB4909D829F9D771008A4451 /* JUEGOApp.swift in Sources */ = {isa = PBXBuildFile; fileRef = FB4909D729F9D771008A4451 /* JUEGOApp.swift */; };
		FB4909DA29F9D771008A4451 /* SignInView.swift in Sources */ = {isa = PBXBuildFile; fileRef = FB4909D929F9D771008A4451 /* SignInView.swift */; };
		FB4909DC29F9D772008A4451 /* Assets.xcassets in Resources */ = {isa = PBXBuildFile; fileRef = FB4909DB29F9D772008A4451 /* Assets.xcassets */; };
		FB4909DF29F9D772008A4451 /* Preview Assets.xcassets in Resources */ = {isa = PBXBuildFile; fileRef = FB4909DE29F9D772008A4451 /* Preview Assets.xcassets */; };
		FB4F3D9B2A1811120072476B /* AuthenticationViewModel.swift in Sources */ = {isa = PBXBuildFile; fileRef = FB4F3D9A2A1811120072476B /* AuthenticationViewModel.swift */; };
		FB4F3D9E2A1814610072476B /* GoogleSignIn in Frameworks */ = {isa = PBXBuildFile; productRef = FB4F3D9D2A1814610072476B /* GoogleSignIn */; };
		FB4F3DA02A1814610072476B /* GoogleSignInSwift in Frameworks */ = {isa = PBXBuildFile; productRef = FB4F3D9F2A1814610072476B /* GoogleSignInSwift */; };
		FB4F3DA32A181DD20072476B /* Application.swift in Sources */ = {isa = PBXBuildFile; fileRef = FB4F3DA22A181DD20072476B /* Application.swift */; };
		FB9210202A2A7B94005E0F76 /* FirebaseService.swift in Sources */ = {isa = PBXBuildFile; fileRef = FB92101F2A2A7B94005E0F76 /* FirebaseService.swift */; };
		FBAEF0C72A2152D100E50D16 /* JuegoUno.swift in Sources */ = {isa = PBXBuildFile; fileRef = FBAEF0C62A2152D100E50D16 /* JuegoUno.swift */; };
		FBAEF0C92A2152DF00E50D16 /* JuegoDos.swift in Sources */ = {isa = PBXBuildFile; fileRef = FBAEF0C82A2152DF00E50D16 /* JuegoDos.swift */; };
		FBAEF0CB2A2152F200E50D16 /* JuegoTres.swift in Sources */ = {isa = PBXBuildFile; fileRef = FBAEF0CA2A2152F200E50D16 /* JuegoTres.swift */; };
		FBAEF0CD2A21530000E50D16 /* JuegoCuatro.swift in Sources */ = {isa = PBXBuildFile; fileRef = FBAEF0CC2A21530000E50D16 /* JuegoCuatro.swift */; };
		FBB006012A2AA30C00F738C4 /* SettingsView.swift in Sources */ = {isa = PBXBuildFile; fileRef = FBB006002A2AA30C00F738C4 /* SettingsView.swift */; };
		FBBA46FD2A27E26500F616D1 /* AddAlumno.swift in Sources */ = {isa = PBXBuildFile; fileRef = FBBA46FC2A27E26500F616D1 /* AddAlumno.swift */; };
		FBEBB0AC2A1C2331009883E9 /* AlumnoModel.swift in Sources */ = {isa = PBXBuildFile; fileRef = FBEBB0AB2A1C2331009883E9 /* AlumnoModel.swift */; };
		FBEBB0AE2A1C259E009883E9 /* MenuView.swift in Sources */ = {isa = PBXBuildFile; fileRef = FBEBB0AD2A1C259E009883E9 /* MenuView.swift */; };
/* End PBXBuildFile section */

/* Begin PBXFileReference section */
		BA00702D2A27104C004A5772 /* Tutor.swift */ = {isa = PBXFileReference; fileEncoding = 4; lastKnownFileType = sourcecode.swift; path = Tutor.swift; sourceTree = "<group>"; };
		BA00702F2A271053004A5772 /* Pictograma.swift */ = {isa = PBXFileReference; fileEncoding = 4; lastKnownFileType = sourcecode.swift; path = Pictograma.swift; sourceTree = "<group>"; };
		BA0070312A271059004A5772 /* Alumno.swift */ = {isa = PBXFileReference; fileEncoding = 4; lastKnownFileType = sourcecode.swift; path = Alumno.swift; sourceTree = "<group>"; };
		BA0070332A271216004A5772 /* PerfilesView.swift */ = {isa = PBXFileReference; fileEncoding = 4; lastKnownFileType = sourcecode.swift; path = PerfilesView.swift; sourceTree = "<group>"; };
		BA160FC42A09AD5A002751F6 /* SignUpView.swift */ = {isa = PBXFileReference; lastKnownFileType = sourcecode.swift; path = SignUpView.swift; sourceTree = "<group>"; };
		FB24B5272A27FE6900DA871A /* GoogleService-Info.plist */ = {isa = PBXFileReference; fileEncoding = 4; lastKnownFileType = text.plist.xml; path = "GoogleService-Info.plist"; sourceTree = "<group>"; };
		FB4909D429F9D771008A4451 /* JUEGO.app */ = {isa = PBXFileReference; explicitFileType = wrapper.application; includeInIndex = 0; path = JUEGO.app; sourceTree = BUILT_PRODUCTS_DIR; };
		FB4909D729F9D771008A4451 /* JUEGOApp.swift */ = {isa = PBXFileReference; lastKnownFileType = sourcecode.swift; path = JUEGOApp.swift; sourceTree = "<group>"; };
		FB4909D929F9D771008A4451 /* SignInView.swift */ = {isa = PBXFileReference; lastKnownFileType = sourcecode.swift; path = SignInView.swift; sourceTree = "<group>"; };
		FB4909DB29F9D772008A4451 /* Assets.xcassets */ = {isa = PBXFileReference; lastKnownFileType = folder.assetcatalog; path = Assets.xcassets; sourceTree = "<group>"; };
		FB4909DE29F9D772008A4451 /* Preview Assets.xcassets */ = {isa = PBXFileReference; lastKnownFileType = folder.assetcatalog; path = "Preview Assets.xcassets"; sourceTree = "<group>"; };
		FB4F3D942A180EE80072476B /* Info.plist */ = {isa = PBXFileReference; lastKnownFileType = text.plist; path = Info.plist; sourceTree = "<group>"; };
		FB4F3D9A2A1811120072476B /* AuthenticationViewModel.swift */ = {isa = PBXFileReference; lastKnownFileType = sourcecode.swift; path = AuthenticationViewModel.swift; sourceTree = "<group>"; };
		FB4F3DA22A181DD20072476B /* Application.swift */ = {isa = PBXFileReference; lastKnownFileType = sourcecode.swift; path = Application.swift; sourceTree = "<group>"; };
		FB92101F2A2A7B94005E0F76 /* FirebaseService.swift */ = {isa = PBXFileReference; lastKnownFileType = sourcecode.swift; path = FirebaseService.swift; sourceTree = "<group>"; };
		FBAEF0C62A2152D100E50D16 /* JuegoUno.swift */ = {isa = PBXFileReference; lastKnownFileType = sourcecode.swift; path = JuegoUno.swift; sourceTree = "<group>"; };
		FBAEF0C82A2152DF00E50D16 /* JuegoDos.swift */ = {isa = PBXFileReference; lastKnownFileType = sourcecode.swift; path = JuegoDos.swift; sourceTree = "<group>"; };
		FBAEF0CA2A2152F200E50D16 /* JuegoTres.swift */ = {isa = PBXFileReference; lastKnownFileType = sourcecode.swift; path = JuegoTres.swift; sourceTree = "<group>"; };
		FBAEF0CC2A21530000E50D16 /* JuegoCuatro.swift */ = {isa = PBXFileReference; lastKnownFileType = sourcecode.swift; path = JuegoCuatro.swift; sourceTree = "<group>"; };
		FBB006002A2AA30C00F738C4 /* SettingsView.swift */ = {isa = PBXFileReference; lastKnownFileType = sourcecode.swift; path = SettingsView.swift; sourceTree = "<group>"; };
		FBBA46FC2A27E26500F616D1 /* AddAlumno.swift */ = {isa = PBXFileReference; lastKnownFileType = sourcecode.swift; path = AddAlumno.swift; sourceTree = "<group>"; };
		FBEBB0AB2A1C2331009883E9 /* AlumnoModel.swift */ = {isa = PBXFileReference; lastKnownFileType = sourcecode.swift; path = AlumnoModel.swift; sourceTree = "<group>"; };
		FBEBB0AD2A1C259E009883E9 /* MenuView.swift */ = {isa = PBXFileReference; lastKnownFileType = sourcecode.swift; path = MenuView.swift; sourceTree = "<group>"; };
/* End PBXFileReference section */

/* Begin PBXFrameworksBuildPhase section */
		FB4909D129F9D771008A4451 /* Frameworks */ = {
			isa = PBXFrameworksBuildPhase;
			buildActionMask = 2147483647;
			files = (
				FB4F3D9E2A1814610072476B /* GoogleSignIn in Frameworks */,
				BA160FBF2A09ABA5002751F6 /* FirebaseDatabaseSwift in Frameworks */,
				BA160FC12A09ABA5002751F6 /* FirebaseFirestore in Frameworks */,
				FB4F3DA02A1814610072476B /* GoogleSignInSwift in Frameworks */,
				BA160FBD2A09ABA5002751F6 /* FirebaseDatabase in Frameworks */,
				BA160FBB2A09ABA5002751F6 /* FirebaseAuth in Frameworks */,
			);
			runOnlyForDeploymentPostprocessing = 0;
		};
/* End PBXFrameworksBuildPhase section */

/* Begin PBXGroup section */
		BA160FB72A08BEBB002751F6 /* Views */ = {
			isa = PBXGroup;
			children = (
				FBAEF0C52A2152B500E50D16 /* ViewsJuegos */,
				FB4909D929F9D771008A4451 /* SignInView.swift */,
				BA0070332A271216004A5772 /* PerfilesView.swift */,
				BA160FC42A09AD5A002751F6 /* SignUpView.swift */,
				FBEBB0AD2A1C259E009883E9 /* MenuView.swift */,
				FBBA46FC2A27E26500F616D1 /* AddAlumno.swift */,
				FBB006002A2AA30C00F738C4 /* SettingsView.swift */,
			);
			path = Views;
			sourceTree = "<group>";
		};
		FB4909CB29F9D771008A4451 = {
			isa = PBXGroup;
			children = (
				FB4909D629F9D771008A4451 /* JUEGO */,
				FB4909D529F9D771008A4451 /* Products */,
			);
			sourceTree = "<group>";
		};
		FB4909D529F9D771008A4451 /* Products */ = {
			isa = PBXGroup;
			children = (
				FB4909D429F9D771008A4451 /* JUEGO.app */,
			);
			name = Products;
			sourceTree = "<group>";
		};
		FB4909D629F9D771008A4451 /* JUEGO */ = {
			isa = PBXGroup;
			children = (
				FB92101E2A2A7B5D005E0F76 /* Services */,
				FB4F3DA12A181DC00072476B /* Components */,
				FB4F3D972A180F4D0072476B /* Model */,
				FB4F3D942A180EE80072476B /* Info.plist */,
				FB24B5272A27FE6900DA871A /* GoogleService-Info.plist */,
				BA160FB72A08BEBB002751F6 /* Views */,
				FB4909D729F9D771008A4451 /* JUEGOApp.swift */,
				FB4909DB29F9D772008A4451 /* Assets.xcassets */,
				FB4909DD29F9D772008A4451 /* Preview Content */,
			);
			path = JUEGO;
			sourceTree = "<group>";
		};
		FB4909DD29F9D772008A4451 /* Preview Content */ = {
			isa = PBXGroup;
			children = (
				FB4909DE29F9D772008A4451 /* Preview Assets.xcassets */,
			);
			path = "Preview Content";
			sourceTree = "<group>";
		};
		FB4F3D972A180F4D0072476B /* Model */ = {
			isa = PBXGroup;
			children = (
				FB4F3D9A2A1811120072476B /* AuthenticationViewModel.swift */,
				BA0070312A271059004A5772 /* Alumno.swift */,
				BA00702D2A27104C004A5772 /* Tutor.swift */,
				BA00702F2A271053004A5772 /* Pictograma.swift */,
				FBEBB0AB2A1C2331009883E9 /* AlumnoModel.swift */,
			);
			path = Model;
			sourceTree = "<group>";
		};
		FB4F3DA12A181DC00072476B /* Components */ = {
			isa = PBXGroup;
			children = (
				FB4F3DA22A181DD20072476B /* Application.swift */,
			);
			path = Components;
			sourceTree = "<group>";
		};
		FB92101E2A2A7B5D005E0F76 /* Services */ = {
			isa = PBXGroup;
			children = (
				FB92101F2A2A7B94005E0F76 /* FirebaseService.swift */,
			);
			path = Services;
			sourceTree = "<group>";
		};
		FBAEF0C52A2152B500E50D16 /* ViewsJuegos */ = {
			isa = PBXGroup;
			children = (
				FBAEF0C62A2152D100E50D16 /* JuegoUno.swift */,
				FBAEF0C82A2152DF00E50D16 /* JuegoDos.swift */,
				FBAEF0CA2A2152F200E50D16 /* JuegoTres.swift */,
				FBAEF0CC2A21530000E50D16 /* JuegoCuatro.swift */,
			);
			path = ViewsJuegos;
			sourceTree = "<group>";
		};
/* End PBXGroup section */

/* Begin PBXNativeTarget section */
		FB4909D329F9D771008A4451 /* JUEGO */ = {
			isa = PBXNativeTarget;
			buildConfigurationList = FB4909E229F9D772008A4451 /* Build configuration list for PBXNativeTarget "JUEGO" */;
			buildPhases = (
				FB4909D029F9D771008A4451 /* Sources */,
				FB4909D129F9D771008A4451 /* Frameworks */,
				FB4909D229F9D771008A4451 /* Resources */,
			);
			buildRules = (
			);
			dependencies = (
			);
			name = JUEGO;
			packageProductDependencies = (
				BA160FBA2A09ABA5002751F6 /* FirebaseAuth */,
				BA160FBC2A09ABA5002751F6 /* FirebaseDatabase */,
				BA160FBE2A09ABA5002751F6 /* FirebaseDatabaseSwift */,
				BA160FC02A09ABA5002751F6 /* FirebaseFirestore */,
				FB4F3D9D2A1814610072476B /* GoogleSignIn */,
				FB4F3D9F2A1814610072476B /* GoogleSignInSwift */,
			);
			productName = JUEGO;
			productReference = FB4909D429F9D771008A4451 /* JUEGO.app */;
			productType = "com.apple.product-type.application";
		};
/* End PBXNativeTarget section */

/* Begin PBXProject section */
		FB4909CC29F9D771008A4451 /* Project object */ = {
			isa = PBXProject;
			attributes = {
				BuildIndependentTargetsInParallel = 1;
				LastSwiftUpdateCheck = 1430;
				LastUpgradeCheck = 1430;
				TargetAttributes = {
					FB4909D329F9D771008A4451 = {
						CreatedOnToolsVersion = 14.3;
					};
				};
			};
			buildConfigurationList = FB4909CF29F9D771008A4451 /* Build configuration list for PBXProject "JUEGO" */;
			compatibilityVersion = "Xcode 14.0";
			developmentRegion = en;
			hasScannedForEncodings = 0;
			knownRegions = (
				en,
				Base,
			);
			mainGroup = FB4909CB29F9D771008A4451;
			packageReferences = (
				BA160FB92A09ABA5002751F6 /* XCRemoteSwiftPackageReference "firebase-ios-sdk" */,
				FB4F3D9C2A1814610072476B /* XCRemoteSwiftPackageReference "GoogleSignIn-iOS" */,
			);
			productRefGroup = FB4909D529F9D771008A4451 /* Products */;
			projectDirPath = "";
			projectRoot = "";
			targets = (
				FB4909D329F9D771008A4451 /* JUEGO */,
			);
		};
/* End PBXProject section */

/* Begin PBXResourcesBuildPhase section */
		FB4909D229F9D771008A4451 /* Resources */ = {
			isa = PBXResourcesBuildPhase;
			buildActionMask = 2147483647;
			files = (
				FB4909DF29F9D772008A4451 /* Preview Assets.xcassets in Resources */,
				FB4909DC29F9D772008A4451 /* Assets.xcassets in Resources */,
				FB24B5282A27FE6900DA871A /* GoogleService-Info.plist in Resources */,
			);
			runOnlyForDeploymentPostprocessing = 0;
		};
/* End PBXResourcesBuildPhase section */

/* Begin PBXSourcesBuildPhase section */
		FB4909D029F9D771008A4451 /* Sources */ = {
			isa = PBXSourcesBuildPhase;
			buildActionMask = 2147483647;
			files = (
				FBAEF0CD2A21530000E50D16 /* JuegoCuatro.swift in Sources */,
				BA0070322A271059004A5772 /* Alumno.swift in Sources */,
				FBEBB0AE2A1C259E009883E9 /* MenuView.swift in Sources */,
				FBB006012A2AA30C00F738C4 /* SettingsView.swift in Sources */,
				FB4F3DA32A181DD20072476B /* Application.swift in Sources */,
				FB4F3D9B2A1811120072476B /* AuthenticationViewModel.swift in Sources */,
				FB4909DA29F9D771008A4451 /* SignInView.swift in Sources */,
				FBAEF0C92A2152DF00E50D16 /* JuegoDos.swift in Sources */,
				FB4909D829F9D771008A4451 /* JUEGOApp.swift in Sources */,
				BA0070302A271053004A5772 /* Pictograma.swift in Sources */,
				BA160FC52A09AD5A002751F6 /* SignUpView.swift in Sources */,
				FBEBB0AC2A1C2331009883E9 /* AlumnoModel.swift in Sources */,
				BA0070342A271217004A5772 /* PerfilesView.swift in Sources */,
				FBAEF0CB2A2152F200E50D16 /* JuegoTres.swift in Sources */,
				BA00702E2A27104C004A5772 /* Tutor.swift in Sources */,
				FB9210202A2A7B94005E0F76 /* FirebaseService.swift in Sources */,
				FBAEF0C72A2152D100E50D16 /* JuegoUno.swift in Sources */,
				FBBA46FD2A27E26500F616D1 /* AddAlumno.swift in Sources */,
			);
			runOnlyForDeploymentPostprocessing = 0;
		};
/* End PBXSourcesBuildPhase section */

/* Begin XCBuildConfiguration section */
		FB4909E029F9D772008A4451 /* Debug */ = {
			isa = XCBuildConfiguration;
			buildSettings = {
				ALWAYS_SEARCH_USER_PATHS = NO;
				CLANG_ANALYZER_NONNULL = YES;
				CLANG_ANALYZER_NUMBER_OBJECT_CONVERSION = YES_AGGRESSIVE;
				CLANG_CXX_LANGUAGE_STANDARD = "gnu++20";
				CLANG_ENABLE_MODULES = YES;
				CLANG_ENABLE_OBJC_ARC = YES;
				CLANG_ENABLE_OBJC_WEAK = YES;
				CLANG_WARN_BLOCK_CAPTURE_AUTORELEASING = YES;
				CLANG_WARN_BOOL_CONVERSION = YES;
				CLANG_WARN_COMMA = YES;
				CLANG_WARN_CONSTANT_CONVERSION = YES;
				CLANG_WARN_DEPRECATED_OBJC_IMPLEMENTATIONS = YES;
				CLANG_WARN_DIRECT_OBJC_ISA_USAGE = YES_ERROR;
				CLANG_WARN_DOCUMENTATION_COMMENTS = YES;
				CLANG_WARN_EMPTY_BODY = YES;
				CLANG_WARN_ENUM_CONVERSION = YES;
				CLANG_WARN_INFINITE_RECURSION = YES;
				CLANG_WARN_INT_CONVERSION = YES;
				CLANG_WARN_NON_LITERAL_NULL_CONVERSION = YES;
				CLANG_WARN_OBJC_IMPLICIT_RETAIN_SELF = YES;
				CLANG_WARN_OBJC_LITERAL_CONVERSION = YES;
				CLANG_WARN_OBJC_ROOT_CLASS = YES_ERROR;
				CLANG_WARN_QUOTED_INCLUDE_IN_FRAMEWORK_HEADER = YES;
				CLANG_WARN_RANGE_LOOP_ANALYSIS = YES;
				CLANG_WARN_STRICT_PROTOTYPES = YES;
				CLANG_WARN_SUSPICIOUS_MOVE = YES;
				CLANG_WARN_UNGUARDED_AVAILABILITY = YES_AGGRESSIVE;
				CLANG_WARN_UNREACHABLE_CODE = YES;
				CLANG_WARN__DUPLICATE_METHOD_MATCH = YES;
				COPY_PHASE_STRIP = NO;
				DEBUG_INFORMATION_FORMAT = dwarf;
				ENABLE_STRICT_OBJC_MSGSEND = YES;
				ENABLE_TESTABILITY = YES;
				GCC_C_LANGUAGE_STANDARD = gnu11;
				GCC_DYNAMIC_NO_PIC = NO;
				GCC_NO_COMMON_BLOCKS = YES;
				GCC_OPTIMIZATION_LEVEL = 0;
				GCC_PREPROCESSOR_DEFINITIONS = (
					"DEBUG=1",
					"$(inherited)",
				);
				GCC_WARN_64_TO_32_BIT_CONVERSION = YES;
				GCC_WARN_ABOUT_RETURN_TYPE = YES_ERROR;
				GCC_WARN_UNDECLARED_SELECTOR = YES;
				GCC_WARN_UNINITIALIZED_AUTOS = YES_AGGRESSIVE;
				GCC_WARN_UNUSED_FUNCTION = YES;
				GCC_WARN_UNUSED_VARIABLE = YES;
				IPHONEOS_DEPLOYMENT_TARGET = 16.0;
				MTL_ENABLE_DEBUG_INFO = INCLUDE_SOURCE;
				MTL_FAST_MATH = YES;
				ONLY_ACTIVE_ARCH = YES;
				SDKROOT = iphoneos;
				SWIFT_ACTIVE_COMPILATION_CONDITIONS = DEBUG;
				SWIFT_OPTIMIZATION_LEVEL = "-Onone";
			};
			name = Debug;
		};
		FB4909E129F9D772008A4451 /* Release */ = {
			isa = XCBuildConfiguration;
			buildSettings = {
				ALWAYS_SEARCH_USER_PATHS = NO;
				CLANG_ANALYZER_NONNULL = YES;
				CLANG_ANALYZER_NUMBER_OBJECT_CONVERSION = YES_AGGRESSIVE;
				CLANG_CXX_LANGUAGE_STANDARD = "gnu++20";
				CLANG_ENABLE_MODULES = YES;
				CLANG_ENABLE_OBJC_ARC = YES;
				CLANG_ENABLE_OBJC_WEAK = YES;
				CLANG_WARN_BLOCK_CAPTURE_AUTORELEASING = YES;
				CLANG_WARN_BOOL_CONVERSION = YES;
				CLANG_WARN_COMMA = YES;
				CLANG_WARN_CONSTANT_CONVERSION = YES;
				CLANG_WARN_DEPRECATED_OBJC_IMPLEMENTATIONS = YES;
				CLANG_WARN_DIRECT_OBJC_ISA_USAGE = YES_ERROR;
				CLANG_WARN_DOCUMENTATION_COMMENTS = YES;
				CLANG_WARN_EMPTY_BODY = YES;
				CLANG_WARN_ENUM_CONVERSION = YES;
				CLANG_WARN_INFINITE_RECURSION = YES;
				CLANG_WARN_INT_CONVERSION = YES;
				CLANG_WARN_NON_LITERAL_NULL_CONVERSION = YES;
				CLANG_WARN_OBJC_IMPLICIT_RETAIN_SELF = YES;
				CLANG_WARN_OBJC_LITERAL_CONVERSION = YES;
				CLANG_WARN_OBJC_ROOT_CLASS = YES_ERROR;
				CLANG_WARN_QUOTED_INCLUDE_IN_FRAMEWORK_HEADER = YES;
				CLANG_WARN_RANGE_LOOP_ANALYSIS = YES;
				CLANG_WARN_STRICT_PROTOTYPES = YES;
				CLANG_WARN_SUSPICIOUS_MOVE = YES;
				CLANG_WARN_UNGUARDED_AVAILABILITY = YES_AGGRESSIVE;
				CLANG_WARN_UNREACHABLE_CODE = YES;
				CLANG_WARN__DUPLICATE_METHOD_MATCH = YES;
				COPY_PHASE_STRIP = NO;
				DEBUG_INFORMATION_FORMAT = "dwarf-with-dsym";
				ENABLE_NS_ASSERTIONS = NO;
				ENABLE_STRICT_OBJC_MSGSEND = YES;
				GCC_C_LANGUAGE_STANDARD = gnu11;
				GCC_NO_COMMON_BLOCKS = YES;
				GCC_WARN_64_TO_32_BIT_CONVERSION = YES;
				GCC_WARN_ABOUT_RETURN_TYPE = YES_ERROR;
				GCC_WARN_UNDECLARED_SELECTOR = YES;
				GCC_WARN_UNINITIALIZED_AUTOS = YES_AGGRESSIVE;
				GCC_WARN_UNUSED_FUNCTION = YES;
				GCC_WARN_UNUSED_VARIABLE = YES;
				IPHONEOS_DEPLOYMENT_TARGET = 16.0;
				MTL_ENABLE_DEBUG_INFO = NO;
				MTL_FAST_MATH = YES;
				SDKROOT = iphoneos;
				SWIFT_COMPILATION_MODE = wholemodule;
				SWIFT_OPTIMIZATION_LEVEL = "-O";
				VALIDATE_PRODUCT = YES;
			};
			name = Release;
		};
		FB4909E329F9D772008A4451 /* Debug */ = {
			isa = XCBuildConfiguration;
			buildSettings = {
				ASSETCATALOG_COMPILER_APPICON_NAME = AppIcon;
				ASSETCATALOG_COMPILER_GLOBAL_ACCENT_COLOR_NAME = AccentColor;
				CODE_SIGN_STYLE = Automatic;
				CURRENT_PROJECT_VERSION = 1;
				DEVELOPMENT_ASSET_PATHS = "\"JUEGO/Preview Content\"";
				DEVELOPMENT_TEAM = 6P8W59US2Z;
				ENABLE_PREVIEWS = YES;
				GENERATE_INFOPLIST_FILE = YES;
				INFOPLIST_FILE = JUEGO/Info.plist;
				INFOPLIST_KEY_UIApplicationSceneManifest_Generation = YES;
				INFOPLIST_KEY_UIApplicationSupportsIndirectInputEvents = YES;
				INFOPLIST_KEY_UILaunchScreen_Generation = YES;
				INFOPLIST_KEY_UISupportedInterfaceOrientations = "UIInterfaceOrientationLandscapeLeft UIInterfaceOrientationLandscapeRight";
				INFOPLIST_KEY_UISupportedInterfaceOrientations_iPad = "UIInterfaceOrientationLandscapeLeft UIInterfaceOrientationLandscapeRight";
				INFOPLIST_KEY_UISupportedInterfaceOrientations_iPhone = "UIInterfaceOrientationLandscapeLeft UIInterfaceOrientationLandscapeRight";
				LD_RUNPATH_SEARCH_PATHS = (
					"$(inherited)",
					"@executable_path/Frameworks",
				);
				MARKETING_VERSION = 1.0;
				PRODUCT_BUNDLE_IDENTIFIER = ITESM.JUEGO;
				PRODUCT_NAME = "$(TARGET_NAME)";
				SWIFT_EMIT_LOC_STRINGS = YES;
				SWIFT_VERSION = 5.0;
				TARGETED_DEVICE_FAMILY = "1,2";
			};
			name = Debug;
		};
		FB4909E429F9D772008A4451 /* Release */ = {
			isa = XCBuildConfiguration;
			buildSettings = {
				ASSETCATALOG_COMPILER_APPICON_NAME = AppIcon;
				ASSETCATALOG_COMPILER_GLOBAL_ACCENT_COLOR_NAME = AccentColor;
				CODE_SIGN_STYLE = Automatic;
				CURRENT_PROJECT_VERSION = 1;
				DEVELOPMENT_ASSET_PATHS = "\"JUEGO/Preview Content\"";
				DEVELOPMENT_TEAM = 6P8W59US2Z;
				ENABLE_PREVIEWS = YES;
				GENERATE_INFOPLIST_FILE = YES;
				INFOPLIST_FILE = JUEGO/Info.plist;
				INFOPLIST_KEY_UIApplicationSceneManifest_Generation = YES;
				INFOPLIST_KEY_UIApplicationSupportsIndirectInputEvents = YES;
				INFOPLIST_KEY_UILaunchScreen_Generation = YES;
				INFOPLIST_KEY_UISupportedInterfaceOrientations = "UIInterfaceOrientationLandscapeLeft UIInterfaceOrientationLandscapeRight";
				INFOPLIST_KEY_UISupportedInterfaceOrientations_iPad = "UIInterfaceOrientationLandscapeLeft UIInterfaceOrientationLandscapeRight";
				INFOPLIST_KEY_UISupportedInterfaceOrientations_iPhone = "UIInterfaceOrientationLandscapeLeft UIInterfaceOrientationLandscapeRight";
				LD_RUNPATH_SEARCH_PATHS = (
					"$(inherited)",
					"@executable_path/Frameworks",
				);
				MARKETING_VERSION = 1.0;
				PRODUCT_BUNDLE_IDENTIFIER = ITESM.JUEGO;
				PRODUCT_NAME = "$(TARGET_NAME)";
				SWIFT_EMIT_LOC_STRINGS = YES;
				SWIFT_VERSION = 5.0;
				TARGETED_DEVICE_FAMILY = "1,2";
			};
			name = Release;
		};
/* End XCBuildConfiguration section */

/* Begin XCConfigurationList section */
		FB4909CF29F9D771008A4451 /* Build configuration list for PBXProject "JUEGO" */ = {
			isa = XCConfigurationList;
			buildConfigurations = (
				FB4909E029F9D772008A4451 /* Debug */,
				FB4909E129F9D772008A4451 /* Release */,
			);
			defaultConfigurationIsVisible = 0;
			defaultConfigurationName = Release;
		};
		FB4909E229F9D772008A4451 /* Build configuration list for PBXNativeTarget "JUEGO" */ = {
			isa = XCConfigurationList;
			buildConfigurations = (
				FB4909E329F9D772008A4451 /* Debug */,
				FB4909E429F9D772008A4451 /* Release */,
			);
			defaultConfigurationIsVisible = 0;
			defaultConfigurationName = Release;
		};
/* End XCConfigurationList section */

/* Begin XCRemoteSwiftPackageReference section */
		BA160FB92A09ABA5002751F6 /* XCRemoteSwiftPackageReference "firebase-ios-sdk" */ = {
			isa = XCRemoteSwiftPackageReference;
			repositoryURL = "https://github.com/firebase/firebase-ios-sdk.git";
			requirement = {
				kind = upToNextMajorVersion;
				minimumVersion = 10.0.0;
			};
		};
		FB4F3D9C2A1814610072476B /* XCRemoteSwiftPackageReference "GoogleSignIn-iOS" */ = {
			isa = XCRemoteSwiftPackageReference;
			repositoryURL = "https://github.com/google/GoogleSignIn-iOS";
			requirement = {
				kind = upToNextMajorVersion;
				minimumVersion = 7.0.0;
			};
		};
/* End XCRemoteSwiftPackageReference section */

/* Begin XCSwiftPackageProductDependency section */
		BA160FBA2A09ABA5002751F6 /* FirebaseAuth */ = {
			isa = XCSwiftPackageProductDependency;
			package = BA160FB92A09ABA5002751F6 /* XCRemoteSwiftPackageReference "firebase-ios-sdk" */;
			productName = FirebaseAuth;
		};
		BA160FBC2A09ABA5002751F6 /* FirebaseDatabase */ = {
			isa = XCSwiftPackageProductDependency;
			package = BA160FB92A09ABA5002751F6 /* XCRemoteSwiftPackageReference "firebase-ios-sdk" */;
			productName = FirebaseDatabase;
		};
		BA160FBE2A09ABA5002751F6 /* FirebaseDatabaseSwift */ = {
			isa = XCSwiftPackageProductDependency;
			package = BA160FB92A09ABA5002751F6 /* XCRemoteSwiftPackageReference "firebase-ios-sdk" */;
			productName = FirebaseDatabaseSwift;
		};
		BA160FC02A09ABA5002751F6 /* FirebaseFirestore */ = {
			isa = XCSwiftPackageProductDependency;
			package = BA160FB92A09ABA5002751F6 /* XCRemoteSwiftPackageReference "firebase-ios-sdk" */;
			productName = FirebaseFirestore;
		};
		FB4F3D9D2A1814610072476B /* GoogleSignIn */ = {
			isa = XCSwiftPackageProductDependency;
			package = FB4F3D9C2A1814610072476B /* XCRemoteSwiftPackageReference "GoogleSignIn-iOS" */;
			productName = GoogleSignIn;
		};
		FB4F3D9F2A1814610072476B /* GoogleSignInSwift */ = {
			isa = XCSwiftPackageProductDependency;
			package = FB4F3D9C2A1814610072476B /* XCRemoteSwiftPackageReference "GoogleSignIn-iOS" */;
			productName = GoogleSignInSwift;
		};
/* End XCSwiftPackageProductDependency section */
	};
	rootObject = FB4909CC29F9D771008A4451 /* Project object */;
}
